
Microsoft Visual Studio Solution File, Format Version 12.00
# Visual Studio Express 2012 for Windows Desktop
Project("{8BC9CEB8-8B4A-11D0-8D11-00A0C91BC942}") = "list and queue", "list and queue\list and queue.vcxproj", "{EA8F386F-702A-4F39-BA47-F2B97FE0BE55}"
EndProject
Global
	GlobalSection(SolutionConfigurationPlatforms) = preSolution
		Debug|Win32 = Debug|Win32
		Release|Win32 = Release|Win32
	EndGlobalSection
	GlobalSection(ProjectConfigurationPlatforms) = postSolution
		{EA8F386F-702A-4F39-BA47-F2B97FE0BE55}.Debug|Win32.ActiveCfg = Debug|Win32
		{EA8F386F-702A-4F39-BA47-F2B97FE0BE55}.Debug|Win32.Build.0 = Debug|Win32
		{EA8F386F-702A-4F39-BA47-F2B97FE0BE55}.Release|Win32.ActiveCfg = Release|Win32
		{EA8F386F-702A-4F39-BA47-F2B97FE0BE55}.Release|Win32.Build.0 = Release|Win32
	EndGlobalSection
	GlobalSection(SolutionProperties) = preSolution
		HideSolutionNode = FALSE
	EndGlobalSection
EndGlobal
